
Microsoft Visual Studio Solution File, Format Version 12.00
# Visual Studio 15
VisualStudioVersion = 15.0.28307.902
MinimumVisualStudioVersion = 10.0.40219.1
Project("{FAE04EC0-301F-11D3-BF4B-00C04F79EFBC}") = "RestWebApiProject", "RestWebApiProject\RestWebApiProject.csproj", "{69833B8D-D409-4A03-8F8D-71B5FC01CC01}"
EndProject
Global
	GlobalSection(SolutionConfigurationPlatforms) = preSolution
		Debug|Any CPU = Debug|Any CPU
		Release|Any CPU = Release|Any CPU
	EndGlobalSection
	GlobalSection(ProjectConfigurationPlatforms) = postSolution
		{69833B8D-D409-4A03-8F8D-71B5FC01CC01}.Debug|Any CPU.ActiveCfg = Debug|Any CPU
		{69833B8D-D409-4A03-8F8D-71B5FC01CC01}.Debug|Any CPU.Build.0 = Debug|Any CPU
		{69833B8D-D409-4A03-8F8D-71B5FC01CC01}.Release|Any CPU.ActiveCfg = Release|Any CPU
		{69833B8D-D409-4A03-8F8D-71B5FC01CC01}.Release|Any CPU.Build.0 = Release|Any CPU
	EndGlobalSection
	GlobalSection(SolutionProperties) = preSolution
		HideSolutionNode = FALSE
	EndGlobalSection
	GlobalSection(ExtensibilityGlobals) = postSolution
		SolutionGuid = {15D3D498-0A9B-444C-B23B-5A6C9A857280}
	EndGlobalSection
EndGlobal
